
Microsoft Visual Studio Solution File, Format Version 12.00
# Visual Studio Version 16
VisualStudioVersion = 16.0.32413.511
MinimumVisualStudioVersion = 10.0.40219.1
Project("{FAE04EC0-301F-11D3-BF4B-00C04F79EFBC}") = "lab6.1", "lab6.1\lab6.1.csproj", "{B4D72459-A9A2-4472-B874-F4280127D4A1}"
EndProject
Global
	GlobalSection(SolutionConfigurationPlatforms) = preSolution
		Debug|Any CPU = Debug|Any CPU
		Release|Any CPU = Release|Any CPU
	EndGlobalSection
	GlobalSection(ProjectConfigurationPlatforms) = postSolution
		{B4D72459-A9A2-4472-B874-F4280127D4A1}.Debug|Any CPU.ActiveCfg = Debug|Any CPU
		{B4D72459-A9A2-4472-B874-F4280127D4A1}.Debug|Any CPU.Build.0 = Debug|Any CPU
		{B4D72459-A9A2-4472-B874-F4280127D4A1}.Release|Any CPU.ActiveCfg = Release|Any CPU
		{B4D72459-A9A2-4472-B874-F4280127D4A1}.Release|Any CPU.Build.0 = Release|Any CPU
	EndGlobalSection
	GlobalSection(SolutionProperties) = preSolution
		HideSolutionNode = FALSE
	EndGlobalSection
	GlobalSection(ExtensibilityGlobals) = postSolution
		SolutionGuid = {5A1D5763-9D4A-4B91-8EF5-AE61F71756C2}
	EndGlobalSection
EndGlobal
